Microsoft Visual Studio Solution File, Format Version 12.00
# Visual Studio Version 17
VisualStudioVersion = 17.5.2.0
MinimumVisualStudioVersion = 10.0.40219.1
Project("{FAE04EC0-301F-11D3-BF4B-00C04F79EFBC}") = "Core Web API", "Core Web API.csproj", "{3A860A05-D327-FC58-B361-7881D0A86BF1}"
EndProject
Global
	GlobalSection(SolutionConfigurationPlatforms) = preSolution
		Debug|Any CPU = Debug|Any CPU
		Release|Any CPU = Release|Any CPU
	EndGlobalSection
	GlobalSection(ProjectConfigurationPlatforms) = postSolution
		{3A860A05-D327-FC58-B361-7881D0A86BF1}.Debug|Any CPU.ActiveCfg = Debug|Any CPU
		{3A860A05-D327-FC58-B361-7881D0A86BF1}.Debug|Any CPU.Build.0 = Debug|Any CPU
		{3A860A05-D327-FC58-B361-7881D0A86BF1}.Release|Any CPU.ActiveCfg = Release|Any CPU
		{3A860A05-D327-FC58-B361-7881D0A86BF1}.Release|Any CPU.Build.0 = Release|Any CPU
	EndGlobalSection
	GlobalSection(SolutionProperties) = preSolution
		HideSolutionNode = FALSE
	EndGlobalSection
	GlobalSection(ExtensibilityGlobals) = postSolution
		SolutionGuid = {F69498E8-5EA6-4571-A31A-27CBE35AEE9B}
	EndGlobalSection
EndGlobal
